Microsoft Visual Studio Solution File, Format Version 12.00
# Visual Studio Version 17
VisualStudioVersion = 17.5.2.0
MinimumVisualStudioVersion = 10.0.40219.1
Project("{FAE04EC0-301F-11D3-BF4B-00C04F79EFBC}") = "HA", "HA\HA.csproj", "{9846D03B-29C8-36B6-D962-1C9336CAEFEC}"
EndProject
Global
	GlobalSection(SolutionConfigurationPlatforms) = preSolution
		Debug|Any CPU = Debug|Any CPU
		Release|Any CPU = Release|Any CPU
	EndGlobalSection
	GlobalSection(ProjectConfigurationPlatforms) = postSolution
		{9846D03B-29C8-36B6-D962-1C9336CAEFEC}.Debug|Any CPU.ActiveCfg = Debug|Any CPU
		{9846D03B-29C8-36B6-D962-1C9336CAEFEC}.Debug|Any CPU.Build.0 = Debug|Any CPU
		{9846D03B-29C8-36B6-D962-1C9336CAEFEC}.Release|Any CPU.ActiveCfg = Release|Any CPU
		{9846D03B-29C8-36B6-D962-1C9336CAEFEC}.Release|Any CPU.Build.0 = Release|Any CPU
	EndGlobalSection
	GlobalSection(SolutionProperties) = preSolution
		HideSolutionNode = FALSE
	EndGlobalSection
	GlobalSection(ExtensibilityGlobals) = postSolution
		SolutionGuid = {08A38C7C-502E-40E8-8124-D14282F61C97}
	EndGlobalSection
EndGlobal
